// !$*UTF8*$!
{
	archiveVersion = 1;
	classes = {
	};
	objectVersion = 56;
	objects = {

/* Begin PBXBuildFile section */
		B5AC55272971DA7A00FF72C6 /* CCGTimeApp.swift in Sources */ = {isa = PBXBuildFile; fileRef = B5AC55262971DA7A00FF72C6 /* CCGTimeApp.swift */; };
		B5AC55292971DA7A00FF72C6 /* ContentView.swift in Sources */ = {isa = PBXBuildFile; fileRef = B5AC55282971DA7A00FF72C6 /* ContentView.swift */; };
		B5AC552B2971DA7C00FF72C6 /* Assets.xcassets in Resources */ = {isa = PBXBuildFile; fileRef = B5AC552A2971DA7C00FF72C6 /* Assets.xcassets */; };
		B5AC552E2971DA7C00FF72C6 /* Preview Assets.xcassets in Resources */ = {isa = PBXBuildFile; fileRef = B5AC552D2971DA7C00FF72C6 /* Preview Assets.xcassets */; };
		B5AC55382971DA7D00FF72C6 /* CCGTimeTests.swift in Sources */ = {isa = PBXBuildFile; fileRef = B5AC55372971DA7D00FF72C6 /* CCGTimeTests.swift */; };
		B5AC55422971DA7D00FF72C6 /* CCGTimeUITests.swift in Sources */ = {isa = PBXBuildFile; fileRef = B5AC55412971DA7D00FF72C6 /* CCGTimeUITests.swift */; };
		B5AC55442971DA7D00FF72C6 /* CCGTimeUITestsLaunchTests.swift in Sources */ = {isa = PBXBuildFile; fileRef = B5AC55432971DA7D00FF72C6 /* CCGTimeUITestsLaunchTests.swift */; };
		B5AC55672971FA5400FF72C6 /* FirebaseAnalytics in Frameworks */ = {isa = PBXBuildFile; productRef = B5AC55662971FA5400FF72C6 /* FirebaseAnalytics */; };
		B5AC55692971FA5400FF72C6 /* FirebaseAuth in Frameworks */ = {isa = PBXBuildFile; productRef = B5AC55682971FA5400FF72C6 /* FirebaseAuth */; };
		B5AC556B2971FA5400FF72C6 /* FirebaseFirestore in Frameworks */ = {isa = PBXBuildFile; productRef = B5AC556A2971FA5400FF72C6 /* FirebaseFirestore */; };
		B5AC556D2971FA5400FF72C6 /* FirebaseFirestoreSwift in Frameworks */ = {isa = PBXBuildFile; productRef = B5AC556C2971FA5400FF72C6 /* FirebaseFirestoreSwift */; };
		B5AC556F2971FA5400FF72C6 /* FirebaseStorage in Frameworks */ = {isa = PBXBuildFile; productRef = B5AC556E2971FA5400FF72C6 /* FirebaseStorage */; };
		B5AC55782971FD6400FF72C6 /* ContentView.swift in Sources */ = {isa = PBXBuildFile; fileRef = B5AC55282971DA7A00FF72C6 /* ContentView.swift */; };
		B5AC55792971FD6500FF72C6 /* ContentView.swift in Sources */ = {isa = PBXBuildFile; fileRef = B5AC55282971DA7A00FF72C6 /* ContentView.swift */; };
		B5AC557A2971FD6A00FF72C6 /* CCGTimeApp.swift in Sources */ = {isa = PBXBuildFile; fileRef = B5AC55262971DA7A00FF72C6 /* CCGTimeApp.swift */; };
		B5AC557B2971FD6B00FF72C6 /* CCGTimeApp.swift in Sources */ = {isa = PBXBuildFile; fileRef = B5AC55262971DA7A00FF72C6 /* CCGTimeApp.swift */; };
		B5AC557E2971FD8E00FF72C6 /* Assets.xcassets in Resources */ = {isa = PBXBuildFile; fileRef = B5AC552A2971DA7C00FF72C6 /* Assets.xcassets */; };
		B5AC557F2971FD8F00FF72C6 /* Assets.xcassets in Resources */ = {isa = PBXBuildFile; fileRef = B5AC552A2971DA7C00FF72C6 /* Assets.xcassets */; };
		B5AC55812971FEBE00FF72C6 /* GoogleService-Info.plist in Resources */ = {isa = PBXBuildFile; fileRef = B5AC55802971FEBE00FF72C6 /* GoogleService-Info.plist */; };
		B5AC55822971FEBE00FF72C6 /* GoogleService-Info.plist in Resources */ = {isa = PBXBuildFile; fileRef = B5AC55802971FEBE00FF72C6 /* GoogleService-Info.plist */; };
		B5AC55832971FEBE00FF72C6 /* GoogleService-Info.plist in Resources */ = {isa = PBXBuildFile; fileRef = B5AC55802971FEBE00FF72C6 /* GoogleService-Info.plist */; };
		B5E396BB2972037800EDCDE7 /* Alert.swift in Sources */ = {isa = PBXBuildFile; fileRef = B5E396AA2972037800EDCDE7 /* Alert.swift */; };
		B5E396BC2972037800EDCDE7 /* ViewController.swift in Sources */ = {isa = PBXBuildFile; fileRef = B5E396AC2972037800EDCDE7 /* ViewController.swift */; };
		B5E396BD2972037800EDCDE7 /* ManagerView.swift in Sources */ = {isa = PBXBuildFile; fileRef = B5E396AD2972037800EDCDE7 /* ManagerView.swift */; };
		B5E396BE2972037800EDCDE7 /* AdminView.swift in Sources */ = {isa = PBXBuildFile; fileRef = B5E396AE2972037800EDCDE7 /* AdminView.swift */; };
		B5E396BF2972037800EDCDE7 /* DepartmentView.swift in Sources */ = {isa = PBXBuildFile; fileRef = B5E396AF2972037800EDCDE7 /* DepartmentView.swift */; };
		B5E396C02972037800EDCDE7 /* AddEmployeeView.swift in Sources */ = {isa = PBXBuildFile; fileRef = B5E396B02972037800EDCDE7 /* AddEmployeeView.swift */; };
		B5E396C12972037800EDCDE7 /* EmployeeView.swift in Sources */ = {isa = PBXBuildFile; fileRef = B5E396B12972037800EDCDE7 /* EmployeeView.swift */; };
		B5E396C22972037800EDCDE7 /* DateView.swift in Sources */ = {isa = PBXBuildFile; fileRef = B5E396B22972037800EDCDE7 /* DateView.swift */; };
		B5E396C32972037800EDCDE7 /* DepartmentModel.swift in Sources */ = {isa = PBXBuildFile; fileRef = B5E396B42972037800EDCDE7 /* DepartmentModel.swift */; };
		B5E396C42972037800EDCDE7 /* EmployeeModel.swift in Sources */ = {isa = PBXBuildFile; fileRef = B5E396B52972037800EDCDE7 /* EmployeeModel.swift */; };
		B5E396C52972037800EDCDE7 /* EmployeeTimecard.swift in Sources */ = {isa = PBXBuildFile; fileRef = B5E396B72972037800EDCDE7 /* EmployeeTimecard.swift */; };
		B5E396C62972037800EDCDE7 /* Employees.swift in Sources */ = {isa = PBXBuildFile; fileRef = B5E396B82972037800EDCDE7 /* Employees.swift */; };
		B5E396C72972037800EDCDE7 /* Department.swift in Sources */ = {isa = PBXBuildFile; fileRef = B5E396B92972037800EDCDE7 /* Department.swift */; };
		B5E396C82972037800EDCDE7 /* Employee.swift in Sources */ = {isa = PBXBuildFile; fileRef = B5E396BA2972037800EDCDE7 /* Employee.swift */; };
		B5E396CC2972064F00EDCDE7 /* Collections in Frameworks */ = {isa = PBXBuildFile; productRef = B5E396CB2972064F00EDCDE7 /* Collections */; };
		B5E396CE2972064F00EDCDE7 /* OrderedCollections in Frameworks */ = {isa = PBXBuildFile; productRef = B5E396CD2972064F00EDCDE7 /* OrderedCollections */; };
/* End PBXBuildFile section */

/* Begin PBXContainerItemProxy section */
		B5AC55342971DA7D00FF72C6 /* PBXContainerItemProxy */ = {
			isa = PBXContainerItemProxy;
			containerPortal = B5AC551B2971DA7A00FF72C6 /* Project object */;
			proxyType = 1;
			remoteGlobalIDString = B5AC55222971DA7A00FF72C6;
			remoteInfo = CCGTime;
		};
		B5AC553E2971DA7D00FF72C6 /* PBXContainerItemProxy */ = {
			isa = PBXContainerItemProxy;
			containerPortal = B5AC551B2971DA7A00FF72C6 /* Project object */;
			proxyType = 1;
			remoteGlobalIDString = B5AC55222971DA7A00FF72C6;
			remoteInfo = CCGTime;
		};
/* End PBXContainerItemProxy section */

/* Begin PBXFileReference section */
		B5AC55232971DA7A00FF72C6 /* CCGTime.app */ = {isa = PBXFileReference; explicitFileType = wrapper.application; includeInIndex = 0; path = CCGTime.app; sourceTree = BUILT_PRODUCTS_DIR; };
		B5AC55262971DA7A00FF72C6 /* CCGTimeApp.swift */ = {isa = PBXFileReference; lastKnownFileType = sourcecode.swift; path = CCGTimeApp.swift; sourceTree = "<group>"; };
		B5AC55282971DA7A00FF72C6 /* ContentView.swift */ = {isa = PBXFileReference; lastKnownFileType = sourcecode.swift; path = ContentView.swift; sourceTree = "<group>"; };
		B5AC552A2971DA7C00FF72C6 /* Assets.xcassets */ = {isa = PBXFileReference; lastKnownFileType = folder.assetcatalog; path = Assets.xcassets; sourceTree = "<group>"; };
		B5AC552D2971DA7C00FF72C6 /* Preview Assets.xcassets */ = {isa = PBXFileReference; lastKnownFileType = folder.assetcatalog; path = "Preview Assets.xcassets"; sourceTree = "<group>"; };
		B5AC55332971DA7D00FF72C6 /* CCGTimeTests.xctest */ = {isa = PBXFileReference; explicitFileType = wrapper.cfbundle; includeInIndex = 0; path = CCGTimeTests.xctest; sourceTree = BUILT_PRODUCTS_DIR; };
		B5AC55372971DA7D00FF72C6 /* CCGTimeTests.swift */ = {isa = PBXFileReference; lastKnownFileType = sourcecode.swift; path = CCGTimeTests.swift; sourceTree = "<group>"; };
		B5AC553D2971DA7D00FF72C6 /* CCGTimeUITests.xctest */ = {isa = PBXFileReference; explicitFileType = wrapper.cfbundle; includeInIndex = 0; path = CCGTimeUITests.xctest; sourceTree = BUILT_PRODUCTS_DIR; };
		B5AC55412971DA7D00FF72C6 /* CCGTimeUITests.swift */ = {isa = PBXFileReference; lastKnownFileType = sourcecode.swift; path = CCGTimeUITests.swift; sourceTree = "<group>"; };
		B5AC55432971DA7D00FF72C6 /* CCGTimeUITestsLaunchTests.swift */ = {isa = PBXFileReference; lastKnownFileType = sourcecode.swift; path = CCGTimeUITestsLaunchTests.swift; sourceTree = "<group>"; };
		B5AC55802971FEBE00FF72C6 /* GoogleService-Info.plist */ = {isa = PBXFileReference; fileEncoding = 4; lastKnownFileType = text.plist.xml; path = "GoogleService-Info.plist"; sourceTree = "<group>"; };
		B5E396AA2972037800EDCDE7 /* Alert.swift */ = {isa = PBXFileReference; fileEncoding = 4; lastKnownFileType = sourcecode.swift; path = Alert.swift; sourceTree = "<group>"; };
		B5E396AC2972037800EDCDE7 /* ViewController.swift */ = {isa = PBXFileReference; fileEncoding = 4; lastKnownFileType = sourcecode.swift; path = ViewController.swift; sourceTree = "<group>"; };
		B5E396AD2972037800EDCDE7 /* ManagerView.swift */ = {isa = PBXFileReference; fileEncoding = 4; lastKnownFileType = sourcecode.swift; path = ManagerView.swift; sourceTree = "<group>"; };
		B5E396AE2972037800EDCDE7 /* AdminView.swift */ = {isa = PBXFileReference; fileEncoding = 4; lastKnownFileType = sourcecode.swift; path = AdminView.swift; sourceTree = "<group>"; };
		B5E396AF2972037800EDCDE7 /* DepartmentView.swift */ = {isa = PBXFileReference; fileEncoding = 4; lastKnownFileType = sourcecode.swift; path = DepartmentView.swift; sourceTree = "<group>"; };
		B5E396B02972037800EDCDE7 /* AddEmployeeView.swift */ = {isa = PBXFileReference; fileEncoding = 4; lastKnownFileType = sourcecode.swift; path = AddEmployeeView.swift; sourceTree = "<group>"; };
		B5E396B12972037800EDCDE7 /* EmployeeView.swift */ = {isa = PBXFileReference; fileEncoding = 4; lastKnownFileType = sourcecode.swift; path = EmployeeView.swift; sourceTree = "<group>"; };
		B5E396B22972037800EDCDE7 /* DateView.swift */ = {isa = PBXFileReference; fileEncoding = 4; lastKnownFileType = sourcecode.swift; path = DateView.swift; sourceTree = "<group>"; };
		B5E396B42972037800EDCDE7 /* DepartmentModel.swift */ = {isa = PBXFileReference; fileEncoding = 4; lastKnownFileType = sourcecode.swift; path = DepartmentModel.swift; sourceTree = "<group>"; };
		B5E396B52972037800EDCDE7 /* EmployeeModel.swift */ = {isa = PBXFileReference; fileEncoding = 4; lastKnownFileType = sourcecode.swift; path = EmployeeModel.swift; sourceTree = "<group>"; };
		B5E396B72972037800EDCDE7 /* EmployeeTimecard.swift */ = {isa = PBXFileReference; fileEncoding = 4; lastKnownFileType = sourcecode.swift; path = EmployeeTimecard.swift; sourceTree = "<group>"; };
		B5E396B82972037800EDCDE7 /* Employees.swift */ = {isa = PBXFileReference; fileEncoding = 4; lastKnownFileType = sourcecode.swift; path = Employees.swift; sourceTree = "<group>"; };
		B5E396B92972037800EDCDE7 /* Department.swift */ = {isa = PBXFileReference; fileEncoding = 4; lastKnownFileType = sourcecode.swift; path = Department.swift; sourceTree = "<group>"; };
		B5E396BA2972037800EDCDE7 /* Employee.swift */ = {isa = PBXFileReference; fileEncoding = 4; lastKnownFileType = sourcecode.swift; path = Employee.swift; sourceTree = "<group>"; };
/* End PBXFileReference section */

/* Begin PBXFrameworksBuildPhase section */
		B5AC55202971DA7A00FF72C6 /* Frameworks */ = {
			isa = PBXFrameworksBuildPhase;
			buildActionMask = 2147483647;
			files = (
				B5E396CC2972064F00EDCDE7 /* Collections in Frameworks */,
				B5AC55672971FA5400FF72C6 /* FirebaseAnalytics in Frameworks */,
				B5AC55692971FA5400FF72C6 /* FirebaseAuth in Frameworks */,
				B5AC556B2971FA5400FF72C6 /* FirebaseFirestore in Frameworks */,
				B5AC556F2971FA5400FF72C6 /* FirebaseStorage in Frameworks */,
				B5E396CE2972064F00EDCDE7 /* OrderedCollections in Frameworks */,
				B5AC556D2971FA5400FF72C6 /* FirebaseFirestoreSwift in Frameworks */,
			);
			runOnlyForDeploymentPostprocessing = 0;
		};
		B5AC55302971DA7D00FF72C6 /* Frameworks */ = {
			isa = PBXFrameworksBuildPhase;
			buildActionMask = 2147483647;
			files = (
			);
			runOnlyForDeploymentPostprocessing = 0;
		};
		B5AC553A2971DA7D00FF72C6 /* Frameworks */ = {
			isa = PBXFrameworksBuildPhase;
			buildActionMask = 2147483647;
			files = (
			);
			runOnlyForDeploymentPostprocessing = 0;
		};
/* End PBXFrameworksBuildPhase section */

/* Begin PBXGroup section */
		B5AC551A2971DA7A00FF72C6 = {
			isa = PBXGroup;
			children = (
				B5AC55252971DA7A00FF72C6 /* CCGTime */,
				B5E396B32972037800EDCDE7 /* ViewModels */,
				B5E396B62972037800EDCDE7 /* Models */,
				B5E396AB2972037800EDCDE7 /* Views */,
				B5E396A92972037800EDCDE7 /* Static Library */,
				B5AC55362971DA7D00FF72C6 /* CCGTimeTests */,
				B5AC55402971DA7D00FF72C6 /* CCGTimeUITests */,
				B5AC55242971DA7A00FF72C6 /* Products */,
			);
			sourceTree = "<group>";
		};
		B5AC55242971DA7A00FF72C6 /* Products */ = {
			isa = PBXGroup;
			children = (
				B5AC55232971DA7A00FF72C6 /* CCGTime.app */,
				B5AC55332971DA7D00FF72C6 /* CCGTimeTests.xctest */,
				B5AC553D2971DA7D00FF72C6 /* CCGTimeUITests.xctest */,
			);
			name = Products;
			sourceTree = "<group>";
		};
		B5AC55252971DA7A00FF72C6 /* CCGTime */ = {
			isa = PBXGroup;
			children = (
				B5AC55262971DA7A00FF72C6 /* CCGTimeApp.swift */,
				B5AC55282971DA7A00FF72C6 /* ContentView.swift */,
				B5AC55802971FEBE00FF72C6 /* GoogleService-Info.plist */,
				B5AC552A2971DA7C00FF72C6 /* Assets.xcassets */,
				B5AC552C2971DA7C00FF72C6 /* Preview Content */,
			);
			path = CCGTime;
			sourceTree = "<group>";
		};
		B5AC552C2971DA7C00FF72C6 /* Preview Content */ = {
			isa = PBXGroup;
			children = (
				B5AC552D2971DA7C00FF72C6 /* Preview Assets.xcassets */,
			);
			path = "Preview Content";
			sourceTree = "<group>";
		};
		B5AC55362971DA7D00FF72C6 /* CCGTimeTests */ = {
			isa = PBXGroup;
			children = (
				B5AC55372971DA7D00FF72C6 /* CCGTimeTests.swift */,
			);
			path = CCGTimeTests;
			sourceTree = "<group>";
		};
		B5AC55402971DA7D00FF72C6 /* CCGTimeUITests */ = {
			isa = PBXGroup;
			children = (
				B5AC55412971DA7D00FF72C6 /* CCGTimeUITests.swift */,
				B5AC55432971DA7D00FF72C6 /* CCGTimeUITestsLaunchTests.swift */,
			);
			path = CCGTimeUITests;
			sourceTree = "<group>";
		};
		B5E396A92972037800EDCDE7 /* Static Library */ = {
			isa = PBXGroup;
			children = (
				B5E396AA2972037800EDCDE7 /* Alert.swift */,
			);
			name = "Static Library";
			path = "CCGTime/Static Library";
			sourceTree = "<group>";
		};
		B5E396AB2972037800EDCDE7 /* Views */ = {
			isa = PBXGroup;
			children = (
				B5E396AC2972037800EDCDE7 /* ViewController.swift */,
				B5E396AD2972037800EDCDE7 /* ManagerView.swift */,
				B5E396AE2972037800EDCDE7 /* AdminView.swift */,
				B5E396AF2972037800EDCDE7 /* DepartmentView.swift */,
				B5E396B02972037800EDCDE7 /* AddEmployeeView.swift */,
				B5E396B12972037800EDCDE7 /* EmployeeView.swift */,
				B5E396B22972037800EDCDE7 /* DateView.swift */,
			);
			path = Views;
			sourceTree = "<group>";
		};
		B5E396B32972037800EDCDE7 /* ViewModels */ = {
			isa = PBXGroup;
			children = (
				B5E396B42972037800EDCDE7 /* DepartmentModel.swift */,
				B5E396B52972037800EDCDE7 /* EmployeeModel.swift */,
			);
			path = ViewModels;
			sourceTree = "<group>";
		};
		B5E396B62972037800EDCDE7 /* Models */ = {
			isa = PBXGroup;
			children = (
				B5E396B72972037800EDCDE7 /* EmployeeTimecard.swift */,
				B5E396B82972037800EDCDE7 /* Employees.swift */,
				B5E396B92972037800EDCDE7 /* Department.swift */,
				B5E396BA2972037800EDCDE7 /* Employee.swift */,
			);
			name = Models;
			path = CCGTime/Models;
			sourceTree = "<group>";
		};
/* End PBXGroup section */

/* Begin PBXNativeTarget section */
		B5AC55222971DA7A00FF72C6 /* CCGTime */ = {
			isa = PBXNativeTarget;
			buildConfigurationList = B5AC55472971DA7D00FF72C6 /* Build configuration list for PBXNativeTarget "CCGTime" */;
			buildPhases = (
				B5AC551F2971DA7A00FF72C6 /* Sources */,
				B5AC55202971DA7A00FF72C6 /* Frameworks */,
				B5AC55212971DA7A00FF72C6 /* Resources */,
			);
			buildRules = (
			);
			dependencies = (
			);
			name = CCGTime;
			packageProductDependencies = (
				B5AC55662971FA5400FF72C6 /* FirebaseAnalytics */,
				B5AC55682971FA5400FF72C6 /* FirebaseAuth */,
				B5AC556A2971FA5400FF72C6 /* FirebaseFirestore */,
				B5AC556C2971FA5400FF72C6 /* FirebaseFirestoreSwift */,
				B5AC556E2971FA5400FF72C6 /* FirebaseStorage */,
				B5E396CB2972064F00EDCDE7 /* Collections */,
				B5E396CD2972064F00EDCDE7 /* OrderedCollections */,
			);
			productName = CCGTime;
			productReference = B5AC55232971DA7A00FF72C6 /* CCGTime.app */;
			productType = "com.apple.product-type.application";
		};
		B5AC55322971DA7D00FF72C6 /* CCGTimeTests */ = {
			isa = PBXNativeTarget;
			buildConfigurationList = B5AC554A2971DA7D00FF72C6 /* Build configuration list for PBXNativeTarget "CCGTimeTests" */;
			buildPhases = (
				B5AC552F2971DA7D00FF72C6 /* Sources */,
				B5AC55302971DA7D00FF72C6 /* Frameworks */,
				B5AC55312971DA7D00FF72C6 /* Resources */,
			);
			buildRules = (
			);
			dependencies = (
				B5AC55352971DA7D00FF72C6 /* PBXTargetDependency */,
			);
			name = CCGTimeTests;
			productName = CCGTimeTests;
			productReference = B5AC55332971DA7D00FF72C6 /* CCGTimeTests.xctest */;
			productType = "com.apple.product-type.bundle.unit-test";
		};
		B5AC553C2971DA7D00FF72C6 /* CCGTimeUITests */ = {
			isa = PBXNativeTarget;
			buildConfigurationList = B5AC554D2971DA7D00FF72C6 /* Build configuration list for PBXNativeTarget "CCGTimeUITests" */;
			buildPhases = (
				B5AC55392971DA7D00FF72C6 /* Sources */,
				B5AC553A2971DA7D00FF72C6 /* Frameworks */,
				B5AC553B2971DA7D00FF72C6 /* Resources */,
			);
			buildRules = (
			);
			dependencies = (
				B5AC553F2971DA7D00FF72C6 /* PBXTargetDependency */,
			);
			name = CCGTimeUITests;
			productName = CCGTimeUITests;
			productReference = B5AC553D2971DA7D00FF72C6 /* CCGTimeUITests.xctest */;
			productType = "com.apple.product-type.bundle.ui-testing";
		};
/* End PBXNativeTarget section */

/* Begin PBXProject section */
		B5AC551B2971DA7A00FF72C6 /* Project object */ = {
			isa = PBXProject;
			attributes = {
				BuildIndependentTargetsInParallel = 1;
				LastSwiftUpdateCheck = 1420;
				LastUpgradeCheck = 1420;
				TargetAttributes = {
					B5AC55222971DA7A00FF72C6 = {
						CreatedOnToolsVersion = 14.2;
					};
					B5AC55322971DA7D00FF72C6 = {
						CreatedOnToolsVersion = 14.2;
						TestTargetID = B5AC55222971DA7A00FF72C6;
					};
					B5AC553C2971DA7D00FF72C6 = {
						CreatedOnToolsVersion = 14.2;
						TestTargetID = B5AC55222971DA7A00FF72C6;
					};
				};
			};
			buildConfigurationList = B5AC551E2971DA7A00FF72C6 /* Build configuration list for PBXProject "CCGTime" */;
			compatibilityVersion = "Xcode 14.0";
			developmentRegion = en;
			hasScannedForEncodings = 0;
			knownRegions = (
				en,
				Base,
			);
			mainGroup = B5AC551A2971DA7A00FF72C6;
			packageReferences = (
				B5AC55652971FA5400FF72C6 /* XCRemoteSwiftPackageReference "firebase-ios-sdk" */,
				B5E396CA2972064F00EDCDE7 /* XCRemoteSwiftPackageReference "swift-collections" */,
			);
			productRefGroup = B5AC55242971DA7A00FF72C6 /* Products */;
			projectDirPath = "";
			projectRoot = "";
			targets = (
				B5AC55222971DA7A00FF72C6 /* CCGTime */,
				B5AC55322971DA7D00FF72C6 /* CCGTimeTests */,
				B5AC553C2971DA7D00FF72C6 /* CCGTimeUITests */,
			);
		};
/* End PBXProject section */

/* Begin PBXResourcesBuildPhase section */
		B5AC55212971DA7A00FF72C6 /* Resources */ = {
			isa = PBXResourcesBuildPhase;
			buildActionMask = 2147483647;
			files = (
				B5AC55812971FEBE00FF72C6 /* GoogleService-Info.plist in Resources */,
				B5AC552E2971DA7C00FF72C6 /* Preview Assets.xcassets in Resources */,
				B5AC552B2971DA7C00FF72C6 /* Assets.xcassets in Resources */,
			);
			runOnlyForDeploymentPostprocessing = 0;
		};
		B5AC55312971DA7D00FF72C6 /* Resources */ = {
			isa = PBXResourcesBuildPhase;
			buildActionMask = 2147483647;
			files = (
				B5AC557E2971FD8E00FF72C6 /* Assets.xcassets in Resources */,
				B5AC55822971FEBE00FF72C6 /* GoogleService-Info.plist in Resources */,
			);
			runOnlyForDeploymentPostprocessing = 0;
		};
		B5AC553B2971DA7D00FF72C6 /* Resources */ = {
			isa = PBXResourcesBuildPhase;
			buildActionMask = 2147483647;
			files = (
				B5AC557F2971FD8F00FF72C6 /* Assets.xcassets in Resources */,
				B5AC55832971FEBE00FF72C6 /* GoogleService-Info.plist in Resources */,
			);
			runOnlyForDeploymentPostprocessing = 0;
		};
/* End PBXResourcesBuildPhase section */

/* Begin PBXSourcesBuildPhase section */
		B5AC551F2971DA7A00FF72C6 /* Sources */ = {
			isa = PBXSourcesBuildPhase;
			buildActionMask = 2147483647;
			files = (
				B5E396C22972037800EDCDE7 /* DateView.swift in Sources */,
				B5E396BE2972037800EDCDE7 /* AdminView.swift in Sources */,
				B5E396C72972037800EDCDE7 /* Department.swift in Sources */,
				B5E396BB2972037800EDCDE7 /* Alert.swift in Sources */,
				B5E396C42972037800EDCDE7 /* EmployeeModel.swift in Sources */,
				B5AC55292971DA7A00FF72C6 /* ContentView.swift in Sources */,
				B5E396BC2972037800EDCDE7 /* ViewController.swift in Sources */,
				B5E396C32972037800EDCDE7 /* DepartmentModel.swift in Sources */,
				B5E396C52972037800EDCDE7 /* EmployeeTimecard.swift in Sources */,
				B5E396C82972037800EDCDE7 /* Employee.swift in Sources */,
				B5E396C12972037800EDCDE7 /* EmployeeView.swift in Sources */,
				B5E396C02972037800EDCDE7 /* AddEmployeeView.swift in Sources */,
				B5E396BF2972037800EDCDE7 /* DepartmentView.swift in Sources */,
				B5E396C62972037800EDCDE7 /* Employees.swift in Sources */,
				B5E396BD2972037800EDCDE7 /* ManagerView.swift in Sources */,
				B5AC55272971DA7A00FF72C6 /* CCGTimeApp.swift in Sources */,
			);
			runOnlyForDeploymentPostprocessing = 0;
		};
		B5AC552F2971DA7D00FF72C6 /* Sources */ = {
			isa = PBXSourcesBuildPhase;
			buildActionMask = 2147483647;
			files = (
				B5AC55782971FD6400FF72C6 /* ContentView.swift in Sources */,
				B5AC55382971DA7D00FF72C6 /* CCGTimeTests.swift in Sources */,
				B5AC557A2971FD6A00FF72C6 /* CCGTimeApp.swift in Sources */,
			);
			runOnlyForDeploymentPostprocessing = 0;
		};
		B5AC55392971DA7D00FF72C6 /* Sources */ = {
			isa = PBXSourcesBuildPhase;
			buildActionMask = 2147483647;
			files = (
				B5AC557B2971FD6B00FF72C6 /* CCGTimeApp.swift in Sources */,
				B5AC55422971DA7D00FF72C6 /* CCGTimeUITests.swift in Sources */,
				B5AC55442971DA7D00FF72C6 /* CCGTimeUITestsLaunchTests.swift in Sources */,
				B5AC55792971FD6500FF72C6 /* ContentView.swift in Sources */,
			);
			runOnlyForDeploymentPostprocessing = 0;
		};
/* End PBXSourcesBuildPhase section */

/* Begin PBXTargetDependency section */
		B5AC55352971DA7D00FF72C6 /* PBXTargetDependency */ = {
			isa = PBXTargetDependency;
			target = B5AC55222971DA7A00FF72C6 /* CCGTime */;
			targetProxy = B5AC55342971DA7D00FF72C6 /* PBXContainerItemProxy */;
		};
		B5AC553F2971DA7D00FF72C6 /* PBXTargetDependency */ = {
			isa = PBXTargetDependency;
			target = B5AC55222971DA7A00FF72C6 /* CCGTime */;
			targetProxy = B5AC553E2971DA7D00FF72C6 /* PBXContainerItemProxy */;
		};
/* End PBXTargetDependency section */

/* Begin XCBuildConfiguration section */
		B5AC55452971DA7D00FF72C6 /* Debug */ = {
			isa = XCBuildConfiguration;
			buildSettings = {
				ALWAYS_SEARCH_USER_PATHS = NO;
				CLANG_ANALYZER_NONNULL = YES;
				CLANG_ANALYZER_NUMBER_OBJECT_CONVERSION = YES_AGGRESSIVE;
				CLANG_CXX_LANGUAGE_STANDARD = "gnu++20";
				CLANG_ENABLE_MODULES = YES;
				CLANG_ENABLE_OBJC_ARC = YES;
				CLANG_ENABLE_OBJC_WEAK = YES;
				CLANG_WARN_BLOCK_CAPTURE_AUTORELEASING = YES;
				CLANG_WARN_BOOL_CONVERSION = YES;
				CLANG_WARN_COMMA = YES;
				CLANG_WARN_CONSTANT_CONVERSION = YES;
				CLANG_WARN_DEPRECATED_OBJC_IMPLEMENTATIONS = YES;
				CLANG_WARN_DIRECT_OBJC_ISA_USAGE = YES_ERROR;
				CLANG_WARN_DOCUMENTATION_COMMENTS = YES;
				CLANG_WARN_EMPTY_BODY = YES;
				CLANG_WARN_ENUM_CONVERSION = YES;
				CLANG_WARN_INFINITE_RECURSION = YES;
				CLANG_WARN_INT_CONVERSION = YES;
				CLANG_WARN_NON_LITERAL_NULL_CONVERSION = YES;
				CLANG_WARN_OBJC_IMPLICIT_RETAIN_SELF = YES;
				CLANG_WARN_OBJC_LITERAL_CONVERSION = YES;
				CLANG_WARN_OBJC_ROOT_CLASS = YES_ERROR;
				CLANG_WARN_QUOTED_INCLUDE_IN_FRAMEWORK_HEADER = YES;
				CLANG_WARN_RANGE_LOOP_ANALYSIS = YES;
				CLANG_WARN_STRICT_PROTOTYPES = YES;
				CLANG_WARN_SUSPICIOUS_MOVE = YES;
				CLANG_WARN_UNGUARDED_AVAILABILITY = YES_AGGRESSIVE;
				CLANG_WARN_UNREACHABLE_CODE = YES;
				CLANG_WARN__DUPLICATE_METHOD_MATCH = YES;
				COPY_PHASE_STRIP = NO;
				DEBUG_INFORMATION_FORMAT = dwarf;
				ENABLE_STRICT_OBJC_MSGSEND = YES;
				ENABLE_TESTABILITY = YES;
				GCC_C_LANGUAGE_STANDARD = gnu11;
				GCC_DYNAMIC_NO_PIC = NO;
				GCC_NO_COMMON_BLOCKS = YES;
				GCC_OPTIMIZATION_LEVEL = 0;
				GCC_PREPROCESSOR_DEFINITIONS = (
					"DEBUG=1",
					"$(inherited)",
				);
				GCC_WARN_64_TO_32_BIT_CONVERSION = YES;
				GCC_WARN_ABOUT_RETURN_TYPE = YES_ERROR;
				GCC_WARN_UNDECLARED_SELECTOR = YES;
				GCC_WARN_UNINITIALIZED_AUTOS = YES_AGGRESSIVE;
				GCC_WARN_UNUSED_FUNCTION = YES;
				GCC_WARN_UNUSED_VARIABLE = YES;
				IPHONEOS_DEPLOYMENT_TARGET = 16.2;
				MTL_ENABLE_DEBUG_INFO = INCLUDE_SOURCE;
				MTL_FAST_MATH = YES;
				ONLY_ACTIVE_ARCH = YES;
				SDKROOT = iphoneos;
				SWIFT_ACTIVE_COMPILATION_CONDITIONS = DEBUG;
				SWIFT_OPTIMIZATION_LEVEL = "-Onone";
			};
			name = Debug;
		};
		B5AC55462971DA7D00FF72C6 /* Release */ = {
			isa = XCBuildConfiguration;
			buildSettings = {
				ALWAYS_SEARCH_USER_PATHS = NO;
				CLANG_ANALYZER_NONNULL = YES;
				CLANG_ANALYZER_NUMBER_OBJECT_CONVERSION = YES_AGGRESSIVE;
				CLANG_CXX_LANGUAGE_STANDARD = "gnu++20";
				CLANG_ENABLE_MODULES = YES;
				CLANG_ENABLE_OBJC_ARC = YES;
				CLANG_ENABLE_OBJC_WEAK = YES;
				CLANG_WARN_BLOCK_CAPTURE_AUTORELEASING = YES;
				CLANG_WARN_BOOL_CONVERSION = YES;
				CLANG_WARN_COMMA = YES;
				CLANG_WARN_CONSTANT_CONVERSION = YES;
				CLANG_WARN_DEPRECATED_OBJC_IMPLEMENTATIONS = YES;
				CLANG_WARN_DIRECT_OBJC_ISA_USAGE = YES_ERROR;
				CLANG_WARN_DOCUMENTATION_COMMENTS = YES;
				CLANG_WARN_EMPTY_BODY = YES;
				CLANG_WARN_ENUM_CONVERSION = YES;
				CLANG_WARN_INFINITE_RECURSION = YES;
				CLANG_WARN_INT_CONVERSION = YES;
				CLANG_WARN_NON_LITERAL_NULL_CONVERSION = YES;
				CLANG_WARN_OBJC_IMPLICIT_RETAIN_SELF = YES;
				CLANG_WARN_OBJC_LITERAL_CONVERSION = YES;
				CLANG_WARN_OBJC_ROOT_CLASS = YES_ERROR;
				CLANG_WARN_QUOTED_INCLUDE_IN_FRAMEWORK_HEADER = YES;
				CLANG_WARN_RANGE_LOOP_ANALYSIS = YES;
				CLANG_WARN_STRICT_PROTOTYPES = YES;
				CLANG_WARN_SUSPICIOUS_MOVE = YES;
				CLANG_WARN_UNGUARDED_AVAILABILITY = YES_AGGRESSIVE;
				CLANG_WARN_UNREACHABLE_CODE = YES;
				CLANG_WARN__DUPLICATE_METHOD_MATCH = YES;
				COPY_PHASE_STRIP = NO;
				DEBUG_INFORMATION_FORMAT = "dwarf-with-dsym";
				ENABLE_NS_ASSERTIONS = NO;
				ENABLE_STRICT_OBJC_MSGSEND = YES;
				GCC_C_LANGUAGE_STANDARD = gnu11;
				GCC_NO_COMMON_BLOCKS = YES;
				GCC_WARN_64_TO_32_BIT_CONVERSION = YES;
				GCC_WARN_ABOUT_RETURN_TYPE = YES_ERROR;
				GCC_WARN_UNDECLARED_SELECTOR = YES;
				GCC_WARN_UNINITIALIZED_AUTOS = YES_AGGRESSIVE;
				GCC_WARN_UNUSED_FUNCTION = YES;
				GCC_WARN_UNUSED_VARIABLE = YES;
				IPHONEOS_DEPLOYMENT_TARGET = 16.2;
				MTL_ENABLE_DEBUG_INFO = NO;
				MTL_FAST_MATH = YES;
				SDKROOT = iphoneos;
				SWIFT_COMPILATION_MODE = wholemodule;
				SWIFT_OPTIMIZATION_LEVEL = "-O";
				VALIDATE_PRODUCT = YES;
			};
			name = Release;
		};
		B5AC55482971DA7D00FF72C6 /* Debug */ = {
			isa = XCBuildConfiguration;
			buildSettings = {
				ASSETCATALOG_COMPILER_APPICON_NAME = AppIcon;
				ASSETCATALOG_COMPILER_GLOBAL_ACCENT_COLOR_NAME = AccentColor;
				CODE_SIGN_STYLE = Automatic;
				CURRENT_PROJECT_VERSION = 1;
				DEVELOPMENT_ASSET_PATHS = "\"CCGTime/Preview Content\"";
				DEVELOPMENT_TEAM = 6C57F64YFS;
				ENABLE_PREVIEWS = YES;
				GENERATE_INFOPLIST_FILE = YES;
				INFOPLIST_KEY_UIApplicationSceneManifest_Generation = YES;
				INFOPLIST_KEY_UIApplicationSupportsIndirectInputEvents = YES;
				INFOPLIST_KEY_UILaunchScreen_Generation = YES;
				INFOPLIST_KEY_UISupportedInterfaceOrientations_iPad = "UIInterfaceOrientationPortrait UIInterfaceOrientationPortraitUpsideDown UIInterfaceOrientationLandscapeLeft UIInterfaceOrientationLandscapeRight";
				INFOPLIST_KEY_UISupportedInterfaceOrientations_iPhone = "UIInterfaceOrientationPortrait UIInterfaceOrientationLandscapeLeft UIInterfaceOrientationLandscapeRight";
				LD_RUNPATH_SEARCH_PATHS = (
					"$(inherited)",
					"@executable_path/Frameworks",
				);
				MARKETING_VERSION = 1.0;
				PRODUCT_BUNDLE_IDENTIFIER = com.benros.CCGTime;
				PRODUCT_NAME = "$(TARGET_NAME)";
				SWIFT_EMIT_LOC_STRINGS = YES;
				SWIFT_VERSION = 5.0;
				TARGETED_DEVICE_FAMILY = "1,2";
			};
			name = Debug;
		};
		B5AC55492971DA7D00FF72C6 /* Release */ = {
			isa = XCBuildConfiguration;
			buildSettings = {
				ASSETCATALOG_COMPILER_APPICON_NAME = AppIcon;
				ASSETCATALOG_COMPILER_GLOBAL_ACCENT_COLOR_NAME = AccentColor;
				CODE_SIGN_STYLE = Automatic;
				CURRENT_PROJECT_VERSION = 1;
				DEVELOPMENT_ASSET_PATHS = "\"CCGTime/Preview Content\"";
				DEVELOPMENT_TEAM = 6C57F64YFS;
				ENABLE_PREVIEWS = YES;
				GENERATE_INFOPLIST_FILE = YES;
				INFOPLIST_KEY_UIApplicationSceneManifest_Generation = YES;
				INFOPLIST_KEY_UIApplicationSupportsIndirectInputEvents = YES;
				INFOPLIST_KEY_UILaunchScreen_Generation = YES;
				INFOPLIST_KEY_UISupportedInterfaceOrientations_iPad = "UIInterfaceOrientationPortrait UIInterfaceOrientationPortraitUpsideDown UIInterfaceOrientationLandscapeLeft UIInterfaceOrientationLandscapeRight";
				INFOPLIST_KEY_UISupportedInterfaceOrientations_iPhone = "UIInterfaceOrientationPortrait UIInterfaceOrientationLandscapeLeft UIInterfaceOrientationLandscapeRight";
				LD_RUNPATH_SEARCH_PATHS = (
					"$(inherited)",
					"@executable_path/Frameworks",
				);
				MARKETING_VERSION = 1.0;
				PRODUCT_BUNDLE_IDENTIFIER = com.benros.CCGTime;
				PRODUCT_NAME = "$(TARGET_NAME)";
				SWIFT_EMIT_LOC_STRINGS = YES;
				SWIFT_VERSION = 5.0;
				TARGETED_DEVICE_FAMILY = "1,2";
			};
			name = Release;
		};
		B5AC554B2971DA7D00FF72C6 /* Debug */ = {
			isa = XCBuildConfiguration;
			buildSettings = {
				ALWAYS_EMBED_SWIFT_STANDARD_LIBRARIES = YES;
				BUNDLE_LOADER = "$(TEST_HOST)";
				CODE_SIGN_STYLE = Automatic;
				CURRENT_PROJECT_VERSION = 1;
				DEVELOPMENT_TEAM = 6C57F64YFS;
				GENERATE_INFOPLIST_FILE = YES;
				IPHONEOS_DEPLOYMENT_TARGET = 16.2;
				MARKETING_VERSION = 1.0;
				PRODUCT_BUNDLE_IDENTIFIER = com.benros.CCGTimeTests;
				PRODUCT_NAME = "$(TARGET_NAME)";
				SWIFT_EMIT_LOC_STRINGS = NO;
				SWIFT_VERSION = 5.0;
				TARGETED_DEVICE_FAMILY = "1,2";
				TEST_HOST = "$(BUILT_PRODUCTS_DIR)/CCGTime.app/$(BUNDLE_EXECUTABLE_FOLDER_PATH)/CCGTime";
			};
			name = Debug;
		};
		B5AC554C2971DA7D00FF72C6 /* Release */ = {
			isa = XCBuildConfiguration;
			buildSettings = {
				ALWAYS_EMBED_SWIFT_STANDARD_LIBRARIES = YES;
				BUNDLE_LOADER = "$(TEST_HOST)";
				CODE_SIGN_STYLE = Automatic;
				CURRENT_PROJECT_VERSION = 1;
				DEVELOPMENT_TEAM = 6C57F64YFS;
				GENERATE_INFOPLIST_FILE = YES;
				IPHONEOS_DEPLOYMENT_TARGET = 16.2;
				MARKETING_VERSION = 1.0;
				PRODUCT_BUNDLE_IDENTIFIER = com.benros.CCGTimeTests;
				PRODUCT_NAME = "$(TARGET_NAME)";
				SWIFT_EMIT_LOC_STRINGS = NO;
				SWIFT_VERSION = 5.0;
				TARGETED_DEVICE_FAMILY = "1,2";
				TEST_HOST = "$(BUILT_PRODUCTS_DIR)/CCGTime.app/$(BUNDLE_EXECUTABLE_FOLDER_PATH)/CCGTime";
			};
			name = Release;
		};
		B5AC554E2971DA7D00FF72C6 /* Debug */ = {
			isa = XCBuildConfiguration;
			buildSettings = {
				ALWAYS_EMBED_SWIFT_STANDARD_LIBRARIES = YES;
				CODE_SIGN_STYLE = Automatic;
				CURRENT_PROJECT_VERSION = 1;
				DEVELOPMENT_TEAM = 6C57F64YFS;
				GENERATE_INFOPLIST_FILE = YES;
				MARKETING_VERSION = 1.0;
				PRODUCT_BUNDLE_IDENTIFIER = com.benros.CCGTimeUITests;
				PRODUCT_NAME = "$(TARGET_NAME)";
				SWIFT_EMIT_LOC_STRINGS = NO;
				SWIFT_VERSION = 5.0;
				TARGETED_DEVICE_FAMILY = "1,2";
				TEST_TARGET_NAME = CCGTime;
			};
			name = Debug;
		};
		B5AC554F2971DA7D00FF72C6 /* Release */ = {
			isa = XCBuildConfiguration;
			buildSettings = {
				ALWAYS_EMBED_SWIFT_STANDARD_LIBRARIES = YES;
				CODE_SIGN_STYLE = Automatic;
				CURRENT_PROJECT_VERSION = 1;
				DEVELOPMENT_TEAM = 6C57F64YFS;
				GENERATE_INFOPLIST_FILE = YES;
				MARKETING_VERSION = 1.0;
				PRODUCT_BUNDLE_IDENTIFIER = com.benros.CCGTimeUITests;
				PRODUCT_NAME = "$(TARGET_NAME)";
				SWIFT_EMIT_LOC_STRINGS = NO;
				SWIFT_VERSION = 5.0;
				TARGETED_DEVICE_FAMILY = "1,2";
				TEST_TARGET_NAME = CCGTime;
			};
			name = Release;
		};
/* End XCBuildConfiguration section */

/* Begin XCConfigurationList section */
		B5AC551E2971DA7A00FF72C6 /* Build configuration list for PBXProject "CCGTime" */ = {
			isa = XCConfigurationList;
			buildConfigurations = (
				B5AC55452971DA7D00FF72C6 /* Debug */,
				B5AC55462971DA7D00FF72C6 /* Release */,
			);
			defaultConfigurationIsVisible = 0;
			defaultConfigurationName = Release;
		};
		B5AC55472971DA7D00FF72C6 /* Build configuration list for PBXNativeTarget "CCGTime" */ = {
			isa = XCConfigurationList;
			buildConfigurations = (
				B5AC55482971DA7D00FF72C6 /* Debug */,
				B5AC55492971DA7D00FF72C6 /* Release */,
			);
			defaultConfigurationIsVisible = 0;
			defaultConfigurationName = Release;
		};
		B5AC554A2971DA7D00FF72C6 /* Build configuration list for PBXNativeTarget "CCGTimeTests" */ = {
			isa = XCConfigurationList;
			buildConfigurations = (
				B5AC554B2971DA7D00FF72C6 /* Debug */,
				B5AC554C2971DA7D00FF72C6 /* Release */,
			);
			defaultConfigurationIsVisible = 0;
			defaultConfigurationName = Release;
		};
		B5AC554D2971DA7D00FF72C6 /* Build configuration list for PBXNativeTarget "CCGTimeUITests" */ = {
			isa = XCConfigurationList;
			buildConfigurations = (
				B5AC554E2971DA7D00FF72C6 /* Debug */,
				B5AC554F2971DA7D00FF72C6 /* Release */,
			);
			defaultConfigurationIsVisible = 0;
			defaultConfigurationName = Release;
		};
/* End XCConfigurationList section */

/* Begin XCRemoteSwiftPackageReference section */
		B5AC55652971FA5400FF72C6 /* XCRemoteSwiftPackageReference "firebase-ios-sdk" */ = {
			isa = XCRemoteSwiftPackageReference;
			repositoryURL = "https://github.com/firebase/firebase-ios-sdk";
			requirement = {
				kind = upToNextMajorVersion;
				minimumVersion = 9.0.0;
			};
		};
		B5E396CA2972064F00EDCDE7 /* XCRemoteSwiftPackageReference "swift-collections" */ = {
			isa = XCRemoteSwiftPackageReference;
			repositoryURL = "https://github.com/apple/swift-collections.git";
			requirement = {
				kind = upToNextMajorVersion;
				minimumVersion = 1.0.0;
			};
		};
/* End XCRemoteSwiftPackageReference section */

/* Begin XCSwiftPackageProductDependency section */
		B5AC55662971FA5400FF72C6 /* FirebaseAnalytics */ = {
			isa = XCSwiftPackageProductDependency;
			package = B5AC55652971FA5400FF72C6 /* XCRemoteSwiftPackageReference "firebase-ios-sdk" */;
			productName = FirebaseAnalytics;
		};
		B5AC55682971FA5400FF72C6 /* FirebaseAuth */ = {
			isa = XCSwiftPackageProductDependency;
			package = B5AC55652971FA5400FF72C6 /* XCRemoteSwiftPackageReference "firebase-ios-sdk" */;
			productName = FirebaseAuth;
		};
		B5AC556A2971FA5400FF72C6 /* FirebaseFirestore */ = {
			isa = XCSwiftPackageProductDependency;
			package = B5AC55652971FA5400FF72C6 /* XCRemoteSwiftPackageReference "firebase-ios-sdk" */;
			productName = FirebaseFirestore;
		};
		B5AC556C2971FA5400FF72C6 /* FirebaseFirestoreSwift */ = {
			isa = XCSwiftPackageProductDependency;
			package = B5AC55652971FA5400FF72C6 /* XCRemoteSwiftPackageReference "firebase-ios-sdk" */;
			productName = FirebaseFirestoreSwift;
		};
		B5AC556E2971FA5400FF72C6 /* FirebaseStorage */ = {
			isa = XCSwiftPackageProductDependency;
			package = B5AC55652971FA5400FF72C6 /* XCRemoteSwiftPackageReference "firebase-ios-sdk" */;
			productName = FirebaseStorage;
		};
		B5E396CB2972064F00EDCDE7 /* Collections */ = {
			isa = XCSwiftPackageProductDependency;
			package = B5E396CA2972064F00EDCDE7 /* XCRemoteSwiftPackageReference "swift-collections" */;
			productName = Collections;
		};
		B5E396CD2972064F00EDCDE7 /* OrderedCollections */ = {
			isa = XCSwiftPackageProductDependency;
			package = B5E396CA2972064F00EDCDE7 /* XCRemoteSwiftPackageReference "swift-collections" */;
			productName = OrderedCollections;
		};
/* End XCSwiftPackageProductDependency section */
	};
	rootObject = B5AC551B2971DA7A00FF72C6 /* Project object */;
}
